
Microsoft Visual Studio Solution File, Format Version 12.00
# Visual Studio 14
VisualStudioVersion = 14.0.23107.0
MinimumVisualStudioVersion = 10.0.40219.1
Project("{8BC9CEB8-8B4A-11D0-8D11-00A0C91BC942}") = "EasyThreadExample", "EasyThreadExample\EasyThreadExample.vcxproj", "{AC5927DE-D97F-443B-824F-85A3302E330F}"
EndProject
Project("{8BC9CEB8-8B4A-11D0-8D11-00A0C91BC942}") = "libEasyThread", "libEasyThread\libEasyThread.vcxproj", "{DC740A43-6C91-4AC9-B68D-E6D55D0F37C5}"
EndProject
Project("{8BC9CEB8-8B4A-11D0-8D11-00A0C91BC942}") = "libEasyThread_static", "libEasyThread_static\libEasyThread_static.vcxproj", "{2786705C-E18C-4E01-BDB1-10762356D3FA}"
EndProject
Global
	GlobalSection(SolutionConfigurationPlatforms) = preSolution
		Debug|x64 = Debug|x64
		Debug|x86 = Debug|x86
		Release|x64 = Release|x64
		Release|x86 = Release|x86
	EndGlobalSection
	GlobalSection(ProjectConfigurationPlatforms) = postSolution
		{AC5927DE-D97F-443B-824F-85A3302E330F}.Debug|x64.ActiveCfg = Debug|x64
		{AC5927DE-D97F-443B-824F-85A3302E330F}.Debug|x64.Build.0 = Debug|x64
		{AC5927DE-D97F-443B-824F-85A3302E330F}.Debug|x86.ActiveCfg = Debug|Win32
		{AC5927DE-D97F-443B-824F-85A3302E330F}.Debug|x86.Build.0 = Debug|Win32
		{AC5927DE-D97F-443B-824F-85A3302E330F}.Release|x64.ActiveCfg = Release|x64
		{AC5927DE-D97F-443B-824F-85A3302E330F}.Release|x64.Build.0 = Release|x64
		{AC5927DE-D97F-443B-824F-85A3302E330F}.Release|x86.ActiveCfg = Release|Win32
		{AC5927DE-D97F-443B-824F-85A3302E330F}.Release|x86.Build.0 = Release|Win32
		{DC740A43-6C91-4AC9-B68D-E6D55D0F37C5}.Debug|x64.ActiveCfg = Debug|x64
		{DC740A43-6C91-4AC9-B68D-E6D55D0F37C5}.Debug|x64.Build.0 = Debug|x64
		{DC740A43-6C91-4AC9-B68D-E6D55D0F37C5}.Debug|x86.ActiveCfg = Debug|Win32
		{DC740A43-6C91-4AC9-B68D-E6D55D0F37C5}.Debug|x86.Build.0 = Debug|Win32
		{DC740A43-6C91-4AC9-B68D-E6D55D0F37C5}.Release|x64.ActiveCfg = Release|x64
		{DC740A43-6C91-4AC9-B68D-E6D55D0F37C5}.Release|x64.Build.0 = Release|x64
		{DC740A43-6C91-4AC9-B68D-E6D55D0F37C5}.Release|x86.ActiveCfg = Release|Win32
		{DC740A43-6C91-4AC9-B68D-E6D55D0F37C5}.Release|x86.Build.0 = Release|Win32
		{2786705C-E18C-4E01-BDB1-10762356D3FA}.Debug|x64.ActiveCfg = Debug|x64
		{2786705C-E18C-4E01-BDB1-10762356D3FA}.Debug|x64.Build.0 = Debug|x64
		{2786705C-E18C-4E01-BDB1-10762356D3FA}.Debug|x86.ActiveCfg = Debug|Win32
		{2786705C-E18C-4E01-BDB1-10762356D3FA}.Debug|x86.Build.0 = Debug|Win32
		{2786705C-E18C-4E01-BDB1-10762356D3FA}.Release|x64.ActiveCfg = Release|x64
		{2786705C-E18C-4E01-BDB1-10762356D3FA}.Release|x64.Build.0 = Release|x64
		{2786705C-E18C-4E01-BDB1-10762356D3FA}.Release|x86.ActiveCfg = Release|Win32
		{2786705C-E18C-4E01-BDB1-10762356D3FA}.Release|x86.Build.0 = Release|Win32
	EndGlobalSection
	GlobalSection(SolutionProperties) = preSolution
		HideSolutionNode = FALSE
	EndGlobalSection
EndGlobal
